
Microsoft Visual Studio Solution File, Format Version 12.00
# Visual Studio Version 17
VisualStudioVersion = 17.7.34024.191
MinimumVisualStudioVersion = 10.0.40219.1
Project("{FAE04EC0-301F-11D3-BF4B-00C04F79EFBC}") = "LoginFormApp", "LoginFormApp\LoginFormApp.csproj", "{FF900183-A2A9-4F9A-B2EF-EC750DDC5E52}"
EndProject
Global
	GlobalSection(SolutionConfigurationPlatforms) = preSolution
		Debug|Any CPU = Debug|Any CPU
		Release|Any CPU = Release|Any CPU
	EndGlobalSection
	GlobalSection(ProjectConfigurationPlatforms) = postSolution
		{FF900183-A2A9-4F9A-B2EF-EC750DDC5E52}.Debug|Any CPU.ActiveCfg = Debug|Any CPU
		{FF900183-A2A9-4F9A-B2EF-EC750DDC5E52}.Debug|Any CPU.Build.0 = Debug|Any CPU
		{FF900183-A2A9-4F9A-B2EF-EC750DDC5E52}.Release|Any CPU.ActiveCfg = Release|Any CPU
		{FF900183-A2A9-4F9A-B2EF-EC750DDC5E52}.Release|Any CPU.Build.0 = Release|Any CPU
	EndGlobalSection
	GlobalSection(SolutionProperties) = preSolution
		HideSolutionNode = FALSE
	EndGlobalSection
	GlobalSection(ExtensibilityGlobals) = postSolution
		SolutionGuid = {E6C1F964-448F-45C3-A530-00996B84E26D}
	EndGlobalSection
EndGlobal
